
Microsoft Visual Studio Solution File, Format Version 12.00
# Visual Studio Version 17
VisualStudioVersion = 17.8.34322.80
MinimumVisualStudioVersion = 10.0.40219.1
Project("{9A19103F-16F7-4668-BE54-9A1E7A4F7556}") = "GKS.Core", "GKS.Core\GKS.Core.csproj", "{61B7806A-BD5F-4358-B405-7C1641A3AE15}"
EndProject
Project("{9A19103F-16F7-4668-BE54-9A1E7A4F7556}") = "GKS.Gastro", "GKS.Gastro\GKS.Gastro.csproj", "{3B00C299-C90F-4EAB-A448-E30902636AF0}"
EndProject
Project("{9A19103F-16F7-4668-BE54-9A1E7A4F7556}") = "GKS.TestingConsole", "GKS.TestingConsole\GKS.TestingConsole.csproj", "{6A93A221-F033-4E15-AC64-99BA6D4B1A54}"
EndProject
Project("{9A19103F-16F7-4668-BE54-9A1E7A4F7556}") = "GKS.Gastro.Database", "GKS.Gastro.Database\GKS.Gastro.Database.csproj", "{A51976AE-86F1-4D88-9426-916388963FAB}"
EndProject
Project("{9A19103F-16F7-4668-BE54-9A1E7A4F7556}") = "GKS.Web", "GKS.Web\GKS.Web.csproj", "{FB179ACE-DB30-42DC-B12C-A21E6108FA30}"
EndProject
Project("{9A19103F-16F7-4668-BE54-9A1E7A4F7556}") = "GKS.OctoMQ", "GKS.OctoMQ\GKS.OctoMQ.csproj", "{F5D133FA-CD66-43E2-8237-6CF061FB7806}"
EndProject
Project("{2150E333-8FDC-42A3-9474-1A3956D46DE8}") = "OctoMQ", "OctoMQ", "{C94ADDAE-F6F8-4115-9BA8-D5C24B4B8A07}"
EndProject
Project("{2150E333-8FDC-42A3-9474-1A3956D46DE8}") = "Gastro", "Gastro", "{B202CF88-985E-401C-B2A0-E575CFE14DF5}"
EndProject
Project("{2150E333-8FDC-42A3-9474-1A3956D46DE8}") = "Testing", "Testing", "{32E0E710-76E8-46ED-9800-8470BF2A9ECF}"
EndProject
Project("{FAE04EC0-301F-11D3-BF4B-00C04F79EFBC}") = "GKS.Universe.IdentityProvider", "GKS.Universe.IdentityProvider\GKS.Universe.IdentityProvider.csproj", "{EA391469-AC97-4683-8F6F-0805BFCC95F3}"
EndProject
Project("{2150E333-8FDC-42A3-9474-1A3956D46DE8}") = "Universe", "Universe", "{30232527-14A2-47AF-881D-BB42F5AD2B16}"
EndProject
Project("{FAE04EC0-301F-11D3-BF4B-00C04F79EFBC}") = "GKS.Universe", "GKS.Universe\GKS.Universe.csproj", "{A5C231E5-2E4E-4E52-AFD6-3028F23020DE}"
EndProject
Global
	GlobalSection(SolutionConfigurationPlatforms) = preSolution
		Debug|Any CPU = Debug|Any CPU
		Release|Any CPU = Release|Any CPU
	EndGlobalSection
	GlobalSection(ProjectConfigurationPlatforms) = postSolution
		{61B7806A-BD5F-4358-B405-7C1641A3AE15}.Debug|Any CPU.ActiveCfg = Debug|Any CPU
		{61B7806A-BD5F-4358-B405-7C1641A3AE15}.Debug|Any CPU.Build.0 = Debug|Any CPU
		{61B7806A-BD5F-4358-B405-7C1641A3AE15}.Release|Any CPU.ActiveCfg = Release|Any CPU
		{61B7806A-BD5F-4358-B405-7C1641A3AE15}.Release|Any CPU.Build.0 = Release|Any CPU
		{3B00C299-C90F-4EAB-A448-E30902636AF0}.Debug|Any CPU.ActiveCfg = Debug|Any CPU
		{3B00C299-C90F-4EAB-A448-E30902636AF0}.Debug|Any CPU.Build.0 = Debug|Any CPU
		{3B00C299-C90F-4EAB-A448-E30902636AF0}.Release|Any CPU.ActiveCfg = Release|Any CPU
		{3B00C299-C90F-4EAB-A448-E30902636AF0}.Release|Any CPU.Build.0 = Release|Any CPU
		{6A93A221-F033-4E15-AC64-99BA6D4B1A54}.Debug|Any CPU.ActiveCfg = Debug|Any CPU
		{6A93A221-F033-4E15-AC64-99BA6D4B1A54}.Debug|Any CPU.Build.0 = Debug|Any CPU
		{6A93A221-F033-4E15-AC64-99BA6D4B1A54}.Release|Any CPU.ActiveCfg = Release|Any CPU
		{6A93A221-F033-4E15-AC64-99BA6D4B1A54}.Release|Any CPU.Build.0 = Release|Any CPU
		{A51976AE-86F1-4D88-9426-916388963FAB}.Debug|Any CPU.ActiveCfg = Debug|Any CPU
		{A51976AE-86F1-4D88-9426-916388963FAB}.Debug|Any CPU.Build.0 = Debug|Any CPU
		{A51976AE-86F1-4D88-9426-916388963FAB}.Release|Any CPU.ActiveCfg = Release|Any CPU
		{A51976AE-86F1-4D88-9426-916388963FAB}.Release|Any CPU.Build.0 = Release|Any CPU
		{FB179ACE-DB30-42DC-B12C-A21E6108FA30}.Debug|Any CPU.ActiveCfg = Debug|Any CPU
		{FB179ACE-DB30-42DC-B12C-A21E6108FA30}.Debug|Any CPU.Build.0 = Debug|Any CPU
		{FB179ACE-DB30-42DC-B12C-A21E6108FA30}.Release|Any CPU.ActiveCfg = Release|Any CPU
		{FB179ACE-DB30-42DC-B12C-A21E6108FA30}.Release|Any CPU.Build.0 = Release|Any CPU
		{F5D133FA-CD66-43E2-8237-6CF061FB7806}.Debug|Any CPU.ActiveCfg = Debug|Any CPU
		{F5D133FA-CD66-43E2-8237-6CF061FB7806}.Debug|Any CPU.Build.0 = Debug|Any CPU
		{F5D133FA-CD66-43E2-8237-6CF061FB7806}.Release|Any CPU.ActiveCfg = Release|Any CPU
		{F5D133FA-CD66-43E2-8237-6CF061FB7806}.Release|Any CPU.Build.0 = Release|Any CPU
		{EA391469-AC97-4683-8F6F-0805BFCC95F3}.Debug|Any CPU.ActiveCfg = Debug|Any CPU
		{EA391469-AC97-4683-8F6F-0805BFCC95F3}.Debug|Any CPU.Build.0 = Debug|Any CPU
		{EA391469-AC97-4683-8F6F-0805BFCC95F3}.Release|Any CPU.ActiveCfg = Release|Any CPU
		{EA391469-AC97-4683-8F6F-0805BFCC95F3}.Release|Any CPU.Build.0 = Release|Any CPU
		{A5C231E5-2E4E-4E52-AFD6-3028F23020DE}.Debug|Any CPU.ActiveCfg = Debug|Any CPU
		{A5C231E5-2E4E-4E52-AFD6-3028F23020DE}.Debug|Any CPU.Build.0 = Debug|Any CPU
		{A5C231E5-2E4E-4E52-AFD6-3028F23020DE}.Release|Any CPU.ActiveCfg = Release|Any CPU
		{A5C231E5-2E4E-4E52-AFD6-3028F23020DE}.Release|Any CPU.Build.0 = Release|Any CPU
	EndGlobalSection
	GlobalSection(SolutionProperties) = preSolution
		HideSolutionNode = FALSE
	EndGlobalSection
	GlobalSection(NestedProjects) = preSolution
		{3B00C299-C90F-4EAB-A448-E30902636AF0} = {B202CF88-985E-401C-B2A0-E575CFE14DF5}
		{6A93A221-F033-4E15-AC64-99BA6D4B1A54} = {32E0E710-76E8-46ED-9800-8470BF2A9ECF}
		{A51976AE-86F1-4D88-9426-916388963FAB} = {B202CF88-985E-401C-B2A0-E575CFE14DF5}
		{F5D133FA-CD66-43E2-8237-6CF061FB7806} = {C94ADDAE-F6F8-4115-9BA8-D5C24B4B8A07}
		{EA391469-AC97-4683-8F6F-0805BFCC95F3} = {30232527-14A2-47AF-881D-BB42F5AD2B16}
		{A5C231E5-2E4E-4E52-AFD6-3028F23020DE} = {30232527-14A2-47AF-881D-BB42F5AD2B16}
	EndGlobalSection
	GlobalSection(ExtensibilityGlobals) = postSolution
		SolutionGuid = {FC2A1B1D-7BD4-4359-9B02-16F4AD4BD31C}
	EndGlobalSection
EndGlobal
